schema: '2.0'
stages:
  fetching:
    cmd: python src/fetching.py --start-date 2014-01-01 --end-date 2024-10-18 --output-file
      data/plenaryprotocols.csv
    outs:
    - path: data/plenaryprotocols.csv
      hash: md5
      md5: 6b3037e2dda972beed2e17dbc589e4f2
      size: 440319889
  separation:
    cmd: python src/separation.py --input-file data/plenaryprotocols.csv --output-file
      data/separated_speeches.csv
    deps:
    - path: data/plenaryprotocols.csv
      hash: md5
      md5: 6b3037e2dda972beed2e17dbc589e4f2
      size: 440319889
    outs:
    - path: data/separated_speeches.csv
      hash: md5
      md5: 3a9ce36e69a9d0ca7554ae029b923b5e
      size: 271117863
  preparation:
    cmd: python src/preparation.py --input data/separated_speeches.csv --output data/processed_speeches.csv
    deps:
    - path: data/separated_speeches.csv
      hash: md5
      md5: 3a9ce36e69a9d0ca7554ae029b923b5e
      size: 271117863
    outs:
    - path: data/processed_speeches.csv
      hash: md5
      md5: e2c9f14254f7de23df1b9adf435ba190
      size: 63
  evaluation:
    cmd: python src/evaluation.py --input-file data/processed_speeches.csv --output-folder
      resources/
    deps:
    - path: data/processed_speeches.csv
      hash: md5
      md5: e2c9f14254f7de23df1b9adf435ba190
      size: 63
    outs:
    - path: resources/
      hash: md5
      md5: b9480cdd9a8afc095bf129a8372bed4b.dir
      size: 17273
      nfiles: 3
